
Microsoft Visual Studio Solution File, Format Version 12.00
# Visual Studio 15
Project("{FAE04EC0-301F-11D3-BF4B-00C04F79EFBC}") = "Unity.Timeline", "Unity.Timeline.csproj", "{2031CB61-E7A5-8419-C841-47FD77EC67C5}"
EndProject
Project("{FAE04EC0-301F-11D3-BF4B-00C04F79EFBC}") = "Unity.ShaderGraph.Editor", "Unity.ShaderGraph.Editor.csproj", "{7F8AA890-0192-6A8E-BE72-F5705E8D1F14}"
EndProject
Project("{FAE04EC0-301F-11D3-BF4B-00C04F79EFBC}") = "Unity.PlasticSCM.Editor", "Unity.PlasticSCM.Editor.csproj", "{8A4B0F04-4966-B954-D64D-6FA0826E8901}"
EndProject
Project("{FAE04EC0-301F-11D3-BF4B-00C04F79EFBC}") = "Unity.2D.Aseprite.Editor", "Unity.2D.Aseprite.Editor.csproj", "{862B7B20-532C-81A4-0626-1B487A7FB0EF}"
EndProject
Project("{FAE04EC0-301F-11D3-BF4B-00C04F79EFBC}") = "Unity.VisualScripting.Flow", "Unity.VisualScripting.Flow.csproj", "{4341ABF4-21ED-F917-DF26-E6A36827373C}"
EndProject
Project("{FAE04EC0-301F-11D3-BF4B-00C04F79EFBC}") = "Unity.RenderPipelines.Universal.Runtime", "Unity.RenderPipelines.Universal.Runtime.csproj", "{FD5983BE-152E-5FBA-CB4E-430767D3B620}"
EndProject
Project("{FAE04EC0-301F-11D3-BF4B-00C04F79EFBC}") = "UnityEditor.UI", "UnityEditor.UI.csproj", "{1EE1190E-24C7-0804-308C-9D336EC3D0D3}"
EndProject
Project("{FAE04EC0-301F-11D3-BF4B-00C04F79EFBC}") = "Unity.Timeline.Editor", "Unity.Timeline.Editor.csproj", "{A5A2E480-F463-FE80-10F4-FC692EE9C2E2}"
EndProject
Project("{FAE04EC0-301F-11D3-BF4B-00C04F79EFBC}") = "Unity.RenderPipelines.Core.Runtime", "Unity.RenderPipelines.Core.Runtime.csproj", "{6A71A226-35A8-17E5-4B0E-BD287C815A74}"
EndProject
Project("{FAE04EC0-301F-11D3-BF4B-00C04F79EFBC}") = "Unity.Mathematics", "Unity.Mathematics.csproj", "{CAC9D5FA-B613-FCD3-FFEF-BD53E68D96A4}"
EndProject
Project("{FAE04EC0-301F-11D3-BF4B-00C04F79EFBC}") = "Unity.RenderPipelines.Core.Editor", "Unity.RenderPipelines.Core.Editor.csproj", "{D0419AB9-1FFC-FF1B-D887-D3503353D3B3}"
EndProject
Project("{FAE04EC0-301F-11D3-BF4B-00C04F79EFBC}") = "Unity.2D.Common.Path.Editor", "Unity.2D.Common.Path.Editor.csproj", "{935638F1-F191-EFFB-8C15-1F9EF4700861}"
EndProject
Project("{FAE04EC0-301F-11D3-BF4B-00C04F79EFBC}") = "Unity.2D.Psdimporter.Editor", "Unity.2D.Psdimporter.Editor.csproj", "{BC80D47A-328B-ECFF-F7B8-7968EBA76AF3}"
EndProject
Project("{FAE04EC0-301F-11D3-BF4B-00C04F79EFBC}") = "Unity.VisualScripting.Core.Editor", "Unity.VisualScripting.Core.Editor.csproj", "{029A8655-AABD-4BE1-F2EC-1425213B5EE0}"
EndProject
Project("{FAE04EC0-301F-11D3-BF4B-00C04F79EFBC}") = "Unity.2D.IK.Runtime", "Unity.2D.IK.Runtime.csproj", "{03D41460-C3A5-F75B-5292-53413F341EB2}"
EndProject
Project("{FAE04EC0-301F-11D3-BF4B-00C04F79EFBC}") = "UnityEditor.TestRunner", "UnityEditor.TestRunner.csproj", "{4770FEB3-73F3-D310-4DCA-1F2D0A7D2C3A}"
EndProject
Project("{FAE04EC0-301F-11D3-BF4B-00C04F79EFBC}") = "Unity.RenderPipelines.Universal.Editor", "Unity.RenderPipelines.Universal.Editor.csproj", "{17EC7C54-C10C-2C28-0AC3-DAC31DA20707}"
EndProject
Project("{FAE04EC0-301F-11D3-BF4B-00C04F79EFBC}") = "Unity.TextMeshPro.Editor", "Unity.TextMeshPro.Editor.csproj", "{4DDD15EE-5F87-BBB6-2F7B-CD078445F782}"
EndProject
Project("{FAE04EC0-301F-11D3-BF4B-00C04F79EFBC}") = "Unity.VisualScripting.Flow.Editor", "Unity.VisualScripting.Flow.Editor.csproj", "{4F55AAF1-2987-5A36-62CA-65995C4BAFE4}"
EndProject
Project("{FAE04EC0-301F-11D3-BF4B-00C04F79EFBC}") = "UnityEngine.TestRunner", "UnityEngine.TestRunner.csproj", "{C528FEBB-288D-32E0-8863-A374F03569FD}"
EndProject
Project("{FAE04EC0-301F-11D3-BF4B-00C04F79EFBC}") = "Unity.VisualScripting.Core", "Unity.VisualScripting.Core.csproj", "{E3A1D62E-71F4-C347-192F-6B5A9798A4F4}"
EndProject
Project("{FAE04EC0-301F-11D3-BF4B-00C04F79EFBC}") = "Unity.2D.Tilemap.Editor", "Unity.2D.Tilemap.Editor.csproj", "{790019F3-4FA7-A35E-AAF9-6ED859C4867C}"
EndProject
Project("{FAE04EC0-301F-11D3-BF4B-00C04F79EFBC}") = "Unity.Searcher.Editor", "Unity.Searcher.Editor.csproj", "{1617C160-F155-B9B4-F348-9A40934BF16E}"
EndProject
Project("{FAE04EC0-301F-11D3-BF4B-00C04F79EFBC}") = "Unity.Burst", "Unity.Burst.csproj", "{F5D32628-95BA-D9BD-544B-4CB3554EA7D5}"
EndProject
Project("{FAE04EC0-301F-11D3-BF4B-00C04F79EFBC}") = "PsdPlugin", "PsdPlugin.csproj", "{D8B4B320-6473-3D0E-3B1A-8E141B27A7CC}"
EndProject
Project("{FAE04EC0-301F-11D3-BF4B-00C04F79EFBC}") = "Unity.Collections", "Unity.Collections.csproj", "{62F9F203-DED4-2A58-987B-E7788C3C48A9}"
EndProject
Project("{FAE04EC0-301F-11D3-BF4B-00C04F79EFBC}") = "Unity.2D.Animation.Editor", "Unity.2D.Animation.Editor.csproj", "{C56859A7-A2C7-F824-C541-3A2B4AD18E5B}"
EndProject
Project("{FAE04EC0-301F-11D3-BF4B-00C04F79EFBC}") = "Unity.2D.SpriteShape.Editor", "Unity.2D.SpriteShape.Editor.csproj", "{15A0DCAE-16F9-6AF0-6D93-F016CDF54911}"
EndProject
Project("{FAE04EC0-301F-11D3-BF4B-00C04F79EFBC}") = "Unity.VisualStudio.Editor", "Unity.VisualStudio.Editor.csproj", "{58B0CDDD-FB30-4CF1-F8FD-D4A4A540AB07}"
EndProject
Project("{FAE04EC0-301F-11D3-BF4B-00C04F79EFBC}") = "PPv2URPConverters", "PPv2URPConverters.csproj", "{C33B3243-ED02-78BF-BC45-D4EDAB5C00B8}"
EndProject
Project("{FAE04EC0-301F-11D3-BF4B-00C04F79EFBC}") = "Unity.Rider.Editor", "Unity.Rider.Editor.csproj", "{D1B1BAB2-AA63-C19D-0E89-99D240CDB0B3}"
EndProject
Project("{FAE04EC0-301F-11D3-BF4B-00C04F79EFBC}") = "Unity.InternalAPIEditorBridge.001", "Unity.InternalAPIEditorBridge.001.csproj", "{D23F20B9-0082-3C58-9984-5AADDE9225BC}"
EndProject
Project("{FAE04EC0-301F-11D3-BF4B-00C04F79EFBC}") = "Unity.2D.SpriteShape.Runtime", "Unity.2D.SpriteShape.Runtime.csproj", "{234B2FFD-4DC8-FDEB-A8A3-E1E17DAB9A9F}"
EndProject
Project("{FAE04EC0-301F-11D3-BF4B-00C04F79EFBC}") = "Unity.CollabProxy.Editor", "Unity.CollabProxy.Editor.csproj", "{824857F7-0015-5FD4-AAC2-C55E907C7F24}"
EndProject
Project("{FAE04EC0-301F-11D3-BF4B-00C04F79EFBC}") = "Unity.VisualScripting.State.Editor", "Unity.VisualScripting.State.Editor.csproj", "{B8277559-B9A4-6589-7299-AA96663C2687}"
EndProject
Project("{FAE04EC0-301F-11D3-BF4B-00C04F79EFBC}") = "UnityEngine.UI", "UnityEngine.UI.csproj", "{845EE9BF-2D5D-2068-C4B1-30686AF1FEE6}"
EndProject
Project("{FAE04EC0-301F-11D3-BF4B-00C04F79EFBC}") = "Unity.Burst.CodeGen", "Unity.Burst.CodeGen.csproj", "{167AE100-8F5E-1B3C-ACD3-947A8C1DA08F}"
EndProject
Project("{FAE04EC0-301F-11D3-BF4B-00C04F79EFBC}") = "Unity.RenderPipeline.Universal.ShaderLibrary", "Unity.RenderPipeline.Universal.ShaderLibrary.csproj", "{8A3E2AA4-B177-CBE8-8A6A-22C5ECA08B84}"
EndProject
Project("{FAE04EC0-301F-11D3-BF4B-00C04F79EFBC}") = "Unity.VisualScripting.State", "Unity.VisualScripting.State.csproj", "{2C7D2087-8889-2A4A-CC8E-DBD680AC0978}"
EndProject
Project("{FAE04EC0-301F-11D3-BF4B-00C04F79EFBC}") = "Unity.TextMeshPro", "Unity.TextMeshPro.csproj", "{CC7D08B9-280A-8D55-FB9B-B860D34CC830}"
EndProject
Project("{FAE04EC0-301F-11D3-BF4B-00C04F79EFBC}") = "Unity.2D.Tilemap.Extras.Editor", "Unity.2D.Tilemap.Extras.Editor.csproj", "{2CFD9764-90F7-FCAA-B9CA-FBAFB88DB7FA}"
EndProject
Project("{FAE04EC0-301F-11D3-BF4B-00C04F79EFBC}") = "Unity.2D.Animation.Runtime", "Unity.2D.Animation.Runtime.csproj", "{58755DFA-A962-22E4-98B2-0602645FF1EA}"
EndProject
Project("{FAE04EC0-301F-11D3-BF4B-00C04F79EFBC}") = "Unity.VisualScripting.SettingsProvider.Editor", "Unity.VisualScripting.SettingsProvider.Editor.csproj", "{46BE45C5-7651-881B-9DE8-630A2CDED87E}"
EndProject
Project("{FAE04EC0-301F-11D3-BF4B-00C04F79EFBC}") = "Unity.2D.IK.Editor", "Unity.2D.IK.Editor.csproj", "{A8E6B464-9D85-0266-570D-74332F4DAAA1}"
EndProject
Project("{FAE04EC0-301F-11D3-BF4B-00C04F79EFBC}") = "Unity.InternalAPIEngineBridge.001", "Unity.InternalAPIEngineBridge.001.csproj", "{C5D46620-FD65-E1E7-E1C3-A99C93C9C0ED}"
EndProject
Project("{FAE04EC0-301F-11D3-BF4B-00C04F79EFBC}") = "Unity.2D.Aseprite.Common", "Unity.2D.Aseprite.Common.csproj", "{21988031-2BF5-8D28-9372-DA1B8D85AFC2}"
EndProject
Project("{FAE04EC0-301F-11D3-BF4B-00C04F79EFBC}") = "Unity.Burst.Editor", "Unity.Burst.Editor.csproj", "{084B2EF0-811A-07A9-B58E-14A4B1AFD54A}"
EndProject
Project("{FAE04EC0-301F-11D3-BF4B-00C04F79EFBC}") = "Unity.2D.Common.Editor", "Unity.2D.Common.Editor.csproj", "{A8A84F92-DE79-8144-2B58-6F7ED4DF7518}"
EndProject
Project("{FAE04EC0-301F-11D3-BF4B-00C04F79EFBC}") = "Unity.2D.PixelPerfect", "Unity.2D.PixelPerfect.csproj", "{FBC19666-8E04-82DC-8573-FE7F9A1FC1E9}"
EndProject
Project("{FAE04EC0-301F-11D3-BF4B-00C04F79EFBC}") = "Unity.2D.PixelPerfect.Editor", "Unity.2D.PixelPerfect.Editor.csproj", "{FDE890E7-4FF2-1A21-E947-9B51A6BD6F6C}"
EndProject
Project("{FAE04EC0-301F-11D3-BF4B-00C04F79EFBC}") = "Unity.2D.Common.Runtime", "Unity.2D.Common.Runtime.csproj", "{3BF3A047-6419-3D59-3ACB-C827EA8E5823}"
EndProject
Project("{FAE04EC0-301F-11D3-BF4B-00C04F79EFBC}") = "Unity.2D.Sprite.Editor", "Unity.2D.Sprite.Editor.csproj", "{1FF11A73-0B93-3FC6-1CD5-5C322620779C}"
EndProject
Project("{FAE04EC0-301F-11D3-BF4B-00C04F79EFBC}") = "Unity.Mathematics.Editor", "Unity.Mathematics.Editor.csproj", "{249C280D-8795-57E1-DFF7-F5B32870FB6C}"
EndProject
Project("{FAE04EC0-301F-11D3-BF4B-00C04F79EFBC}") = "Unity.2D.Tilemap.Extras", "Unity.2D.Tilemap.Extras.csproj", "{377BF6F3-1FE6-FCA8-0131-34A44C8478A2}"
EndProject
Project("{FAE04EC0-301F-11D3-BF4B-00C04F79EFBC}") = "Assembly-CSharp", "Assembly-CSharp.csproj", "{A513BC8D-6A7D-D6C5-EEBE-D27CF600D276}"
EndProject
Project("{FAE04EC0-301F-11D3-BF4B-00C04F79EFBC}") = "Unity.ShaderGraph.Utilities", "Unity.ShaderGraph.Utilities.csproj", "{01017303-DEAE-E42C-8E26-B5577DF6D024}"
EndProject
Project("{FAE04EC0-301F-11D3-BF4B-00C04F79EFBC}") = "Unity.VisualScripting.Shared.Editor", "Unity.VisualScripting.Shared.Editor.csproj", "{8C92C1DB-9396-31C9-15B5-C0C894E96139}"
EndProject
Project("{FAE04EC0-301F-11D3-BF4B-00C04F79EFBC}") = "Unity.Collections.DocCodeSamples", "Unity.Collections.DocCodeSamples.csproj", "{D1672043-F819-2744-FC38-8B6810E84BAE}"
EndProject
Project("{FAE04EC0-301F-11D3-BF4B-00C04F79EFBC}") = "Unity.Collections.BurstCompatibilityGen", "Unity.Collections.BurstCompatibilityGen.csproj", "{BBAADACD-2EEE-3244-8EAE-AE3C0B17EFA4}"
EndProject
Project("{FAE04EC0-301F-11D3-BF4B-00C04F79EFBC}") = "Unity.RenderPipelines.Universal.Config.Runtime", "Unity.RenderPipelines.Universal.Config.Runtime.csproj", "{5E3868F3-3AA7-7565-34BB-35B6FB7CBFD3}"
EndProject
Project("{FAE04EC0-301F-11D3-BF4B-00C04F79EFBC}") = "Unity.RenderPipelines.ShaderGraph.ShaderGraphLibrary", "Unity.RenderPipelines.ShaderGraph.ShaderGraphLibrary.csproj", "{65504965-51F0-61B5-2CF8-01D2BAEA2790}"
EndProject
Project("{FAE04EC0-301F-11D3-BF4B-00C04F79EFBC}") = "Unity.RenderPipelines.Core.ShaderLibrary", "Unity.RenderPipelines.Core.ShaderLibrary.csproj", "{C139C8C9-0CFC-8BC2-C72D-63C37F38A38E}"
EndProject
Project("{FAE04EC0-301F-11D3-BF4B-00C04F79EFBC}") = "Unity.RenderPipelines.Universal.Shaders", "Unity.RenderPipelines.Universal.Shaders.csproj", "{A41DE73E-E91D-DDBA-7FED-47EE93227771}"
EndProject
Global
	GlobalSection(SolutionConfigurationPlatforms) = preSolution
		Debug|Any CPU = Debug|Any CPU
		Release|Any CPU = Release|Any CPU
	EndGlobalSection
	GlobalSection(ProjectConfigurationPlatforms) = postSolution
		{2031CB61-E7A5-8419-C841-47FD77EC67C5}.Debug|Any CPU.ActiveCfg = Debug|Any CPU
		{2031CB61-E7A5-8419-C841-47FD77EC67C5}.Debug|Any CPU.Build.0 = Debug|Any CPU
		{2031CB61-E7A5-8419-C841-47FD77EC67C5}.Release|Any CPU.ActiveCfg = Release|Any CPU
		{2031CB61-E7A5-8419-C841-47FD77EC67C5}.Release|Any CPU.Build.0 = Release|Any CPU
		{7F8AA890-0192-6A8E-BE72-F5705E8D1F14}.Debug|Any CPU.ActiveCfg = Debug|Any CPU
		{7F8AA890-0192-6A8E-BE72-F5705E8D1F14}.Debug|Any CPU.Build.0 = Debug|Any CPU
		{7F8AA890-0192-6A8E-BE72-F5705E8D1F14}.Release|Any CPU.ActiveCfg = Release|Any CPU
		{7F8AA890-0192-6A8E-BE72-F5705E8D1F14}.Release|Any CPU.Build.0 = Release|Any CPU
		{8A4B0F04-4966-B954-D64D-6FA0826E8901}.Debug|Any CPU.ActiveCfg = Debug|Any CPU
		{8A4B0F04-4966-B954-D64D-6FA0826E8901}.Debug|Any CPU.Build.0 = Debug|Any CPU
		{8A4B0F04-4966-B954-D64D-6FA0826E8901}.Release|Any CPU.ActiveCfg = Release|Any CPU
		{8A4B0F04-4966-B954-D64D-6FA0826E8901}.Release|Any CPU.Build.0 = Release|Any CPU
		{862B7B20-532C-81A4-0626-1B487A7FB0EF}.Debug|Any CPU.ActiveCfg = Debug|Any CPU
		{862B7B20-532C-81A4-0626-1B487A7FB0EF}.Debug|Any CPU.Build.0 = Debug|Any CPU
		{862B7B20-532C-81A4-0626-1B487A7FB0EF}.Release|Any CPU.ActiveCfg = Release|Any CPU
		{862B7B20-532C-81A4-0626-1B487A7FB0EF}.Release|Any CPU.Build.0 = Release|Any CPU
		{4341ABF4-21ED-F917-DF26-E6A36827373C}.Debug|Any CPU.ActiveCfg = Debug|Any CPU
		{4341ABF4-21ED-F917-DF26-E6A36827373C}.Debug|Any CPU.Build.0 = Debug|Any CPU
		{4341ABF4-21ED-F917-DF26-E6A36827373C}.Release|Any CPU.ActiveCfg = Release|Any CPU
		{4341ABF4-21ED-F917-DF26-E6A36827373C}.Release|Any CPU.Build.0 = Release|Any CPU
		{FD5983BE-152E-5FBA-CB4E-430767D3B620}.Debug|Any CPU.ActiveCfg = Debug|Any CPU
		{FD5983BE-152E-5FBA-CB4E-430767D3B620}.Debug|Any CPU.Build.0 = Debug|Any CPU
		{FD5983BE-152E-5FBA-CB4E-430767D3B620}.Release|Any CPU.ActiveCfg = Release|Any CPU
		{FD5983BE-152E-5FBA-CB4E-430767D3B620}.Release|Any CPU.Build.0 = Release|Any CPU
		{1EE1190E-24C7-0804-308C-9D336EC3D0D3}.Debug|Any CPU.ActiveCfg = Debug|Any CPU
		{1EE1190E-24C7-0804-308C-9D336EC3D0D3}.Debug|Any CPU.Build.0 = Debug|Any CPU
		{1EE1190E-24C7-0804-308C-9D336EC3D0D3}.Release|Any CPU.ActiveCfg = Release|Any CPU
		{1EE1190E-24C7-0804-308C-9D336EC3D0D3}.Release|Any CPU.Build.0 = Release|Any CPU
		{A5A2E480-F463-FE80-10F4-FC692EE9C2E2}.Debug|Any CPU.ActiveCfg = Debug|Any CPU
		{A5A2E480-F463-FE80-10F4-FC692EE9C2E2}.Debug|Any CPU.Build.0 = Debug|Any CPU
		{A5A2E480-F463-FE80-10F4-FC692EE9C2E2}.Release|Any CPU.ActiveCfg = Release|Any CPU
		{A5A2E480-F463-FE80-10F4-FC692EE9C2E2}.Release|Any CPU.Build.0 = Release|Any CPU
		{6A71A226-35A8-17E5-4B0E-BD287C815A74}.Debug|Any CPU.ActiveCfg = Debug|Any CPU
		{6A71A226-35A8-17E5-4B0E-BD287C815A74}.Debug|Any CPU.Build.0 = Debug|Any CPU
		{6A71A226-35A8-17E5-4B0E-BD287C815A74}.Release|Any CPU.ActiveCfg = Release|Any CPU
		{6A71A226-35A8-17E5-4B0E-BD287C815A74}.Release|Any CPU.Build.0 = Release|Any CPU
		{CAC9D5FA-B613-FCD3-FFEF-BD53E68D96A4}.Debug|Any CPU.ActiveCfg = Debug|Any CPU
		{CAC9D5FA-B613-FCD3-FFEF-BD53E68D96A4}.Debug|Any CPU.Build.0 = Debug|Any CPU
		{CAC9D5FA-B613-FCD3-FFEF-BD53E68D96A4}.Release|Any CPU.ActiveCfg = Release|Any CPU
		{CAC9D5FA-B613-FCD3-FFEF-BD53E68D96A4}.Release|Any CPU.Build.0 = Release|Any CPU
		{D0419AB9-1FFC-FF1B-D887-D3503353D3B3}.Debug|Any CPU.ActiveCfg = Debug|Any CPU
		{D0419AB9-1FFC-FF1B-D887-D3503353D3B3}.Debug|Any CPU.Build.0 = Debug|Any CPU
		{D0419AB9-1FFC-FF1B-D887-D3503353D3B3}.Release|Any CPU.ActiveCfg = Release|Any CPU
		{D0419AB9-1FFC-FF1B-D887-D3503353D3B3}.Release|Any CPU.Build.0 = Release|Any CPU
		{935638F1-F191-EFFB-8C15-1F9EF4700861}.Debug|Any CPU.ActiveCfg = Debug|Any CPU
		{935638F1-F191-EFFB-8C15-1F9EF4700861}.Debug|Any CPU.Build.0 = Debug|Any CPU
		{935638F1-F191-EFFB-8C15-1F9EF4700861}.Release|Any CPU.ActiveCfg = Release|Any CPU
		{935638F1-F191-EFFB-8C15-1F9EF4700861}.Release|Any CPU.Build.0 = Release|Any CPU
		{BC80D47A-328B-ECFF-F7B8-7968EBA76AF3}.Debug|Any CPU.ActiveCfg = Debug|Any CPU
		{BC80D47A-328B-ECFF-F7B8-7968EBA76AF3}.Debug|Any CPU.Build.0 = Debug|Any CPU
		{BC80D47A-328B-ECFF-F7B8-7968EBA76AF3}.Release|Any CPU.ActiveCfg = Release|Any CPU
		{BC80D47A-328B-ECFF-F7B8-7968EBA76AF3}.Release|Any CPU.Build.0 = Release|Any CPU
		{029A8655-AABD-4BE1-F2EC-1425213B5EE0}.Debug|Any CPU.ActiveCfg = Debug|Any CPU
		{029A8655-AABD-4BE1-F2EC-1425213B5EE0}.Debug|Any CPU.Build.0 = Debug|Any CPU
		{029A8655-AABD-4BE1-F2EC-1425213B5EE0}.Release|Any CPU.ActiveCfg = Release|Any CPU
		{029A8655-AABD-4BE1-F2EC-1425213B5EE0}.Release|Any CPU.Build.0 = Release|Any CPU
		{03D41460-C3A5-F75B-5292-53413F341EB2}.Debug|Any CPU.ActiveCfg = Debug|Any CPU
		{03D41460-C3A5-F75B-5292-53413F341EB2}.Debug|Any CPU.Build.0 = Debug|Any CPU
		{03D41460-C3A5-F75B-5292-53413F341EB2}.Release|Any CPU.ActiveCfg = Release|Any CPU
		{03D41460-C3A5-F75B-5292-53413F341EB2}.Release|Any CPU.Build.0 = Release|Any CPU
		{4770FEB3-73F3-D310-4DCA-1F2D0A7D2C3A}.Debug|Any CPU.ActiveCfg = Debug|Any CPU
		{4770FEB3-73F3-D310-4DCA-1F2D0A7D2C3A}.Debug|Any CPU.Build.0 = Debug|Any CPU
		{4770FEB3-73F3-D310-4DCA-1F2D0A7D2C3A}.Release|Any CPU.ActiveCfg = Release|Any CPU
		{4770FEB3-73F3-D310-4DCA-1F2D0A7D2C3A}.Release|Any CPU.Build.0 = Release|Any CPU
		{17EC7C54-C10C-2C28-0AC3-DAC31DA20707}.Debug|Any CPU.ActiveCfg = Debug|Any CPU
		{17EC7C54-C10C-2C28-0AC3-DAC31DA20707}.Debug|Any CPU.Build.0 = Debug|Any CPU
		{17EC7C54-C10C-2C28-0AC3-DAC31DA20707}.Release|Any CPU.ActiveCfg = Release|Any CPU
		{17EC7C54-C10C-2C28-0AC3-DAC31DA20707}.Release|Any CPU.Build.0 = Release|Any CPU
		{4DDD15EE-5F87-BBB6-2F7B-CD078445F782}.Debug|Any CPU.ActiveCfg = Debug|Any CPU
		{4DDD15EE-5F87-BBB6-2F7B-CD078445F782}.Debug|Any CPU.Build.0 = Debug|Any CPU
		{4DDD15EE-5F87-BBB6-2F7B-CD078445F782}.Release|Any CPU.ActiveCfg = Release|Any CPU
		{4DDD15EE-5F87-BBB6-2F7B-CD078445F782}.Release|Any CPU.Build.0 = Release|Any CPU
		{4F55AAF1-2987-5A36-62CA-65995C4BAFE4}.Debug|Any CPU.ActiveCfg = Debug|Any CPU
		{4F55AAF1-2987-5A36-62CA-65995C4BAFE4}.Debug|Any CPU.Build.0 = Debug|Any CPU
		{4F55AAF1-2987-5A36-62CA-65995C4BAFE4}.Release|Any CPU.ActiveCfg = Release|Any CPU
		{4F55AAF1-2987-5A36-62CA-65995C4BAFE4}.Release|Any CPU.Build.0 = Release|Any CPU
		{C528FEBB-288D-32E0-8863-A374F03569FD}.Debug|Any CPU.ActiveCfg = Debug|Any CPU
		{C528FEBB-288D-32E0-8863-A374F03569FD}.Debug|Any CPU.Build.0 = Debug|Any CPU
		{C528FEBB-288D-32E0-8863-A374F03569FD}.Release|Any CPU.ActiveCfg = Release|Any CPU
		{C528FEBB-288D-32E0-8863-A374F03569FD}.Release|Any CPU.Build.0 = Release|Any CPU
		{E3A1D62E-71F4-C347-192F-6B5A9798A4F4}.Debug|Any CPU.ActiveCfg = Debug|Any CPU
		{E3A1D62E-71F4-C347-192F-6B5A9798A4F4}.Debug|Any CPU.Build.0 = Debug|Any CPU
		{E3A1D62E-71F4-C347-192F-6B5A9798A4F4}.Release|Any CPU.ActiveCfg = Release|Any CPU
		{E3A1D62E-71F4-C347-192F-6B5A9798A4F4}.Release|Any CPU.Build.0 = Release|Any CPU
		{790019F3-4FA7-A35E-AAF9-6ED859C4867C}.Debug|Any CPU.ActiveCfg = Debug|Any CPU
		{790019F3-4FA7-A35E-AAF9-6ED859C4867C}.Debug|Any CPU.Build.0 = Debug|Any CPU
		{790019F3-4FA7-A35E-AAF9-6ED859C4867C}.Release|Any CPU.ActiveCfg = Release|Any CPU
		{790019F3-4FA7-A35E-AAF9-6ED859C4867C}.Release|Any CPU.Build.0 = Release|Any CPU
		{1617C160-F155-B9B4-F348-9A40934BF16E}.Debug|Any CPU.ActiveCfg = Debug|Any CPU
		{1617C160-F155-B9B4-F348-9A40934BF16E}.Debug|Any CPU.Build.0 = Debug|Any CPU
		{1617C160-F155-B9B4-F348-9A40934BF16E}.Release|Any CPU.ActiveCfg = Release|Any CPU
		{1617C160-F155-B9B4-F348-9A40934BF16E}.Release|Any CPU.Build.0 = Release|Any CPU
		{F5D32628-95BA-D9BD-544B-4CB3554EA7D5}.Debug|Any CPU.ActiveCfg = Debug|Any CPU
		{F5D32628-95BA-D9BD-544B-4CB3554EA7D5}.Debug|Any CPU.Build.0 = Debug|Any CPU
		{F5D32628-95BA-D9BD-544B-4CB3554EA7D5}.Release|Any CPU.ActiveCfg = Release|Any CPU
		{F5D32628-95BA-D9BD-544B-4CB3554EA7D5}.Release|Any CPU.Build.0 = Release|Any CPU
		{D8B4B320-6473-3D0E-3B1A-8E141B27A7CC}.Debug|Any CPU.ActiveCfg = Debug|Any CPU
		{D8B4B320-6473-3D0E-3B1A-8E141B27A7CC}.Debug|Any CPU.Build.0 = Debug|Any CPU
		{D8B4B320-6473-3D0E-3B1A-8E141B27A7CC}.Release|Any CPU.ActiveCfg = Release|Any CPU
		{D8B4B320-6473-3D0E-3B1A-8E141B27A7CC}.Release|Any CPU.Build.0 = Release|Any CPU
		{62F9F203-DED4-2A58-987B-E7788C3C48A9}.Debug|Any CPU.ActiveCfg = Debug|Any CPU
		{62F9F203-DED4-2A58-987B-E7788C3C48A9}.Debug|Any CPU.Build.0 = Debug|Any CPU
		{62F9F203-DED4-2A58-987B-E7788C3C48A9}.Release|Any CPU.ActiveCfg = Release|Any CPU
		{62F9F203-DED4-2A58-987B-E7788C3C48A9}.Release|Any CPU.Build.0 = Release|Any CPU
		{C56859A7-A2C7-F824-C541-3A2B4AD18E5B}.Debug|Any CPU.ActiveCfg = Debug|Any CPU
		{C56859A7-A2C7-F824-C541-3A2B4AD18E5B}.Debug|Any CPU.Build.0 = Debug|Any CPU
		{C56859A7-A2C7-F824-C541-3A2B4AD18E5B}.Release|Any CPU.ActiveCfg = Release|Any CPU
		{C56859A7-A2C7-F824-C541-3A2B4AD18E5B}.Release|Any CPU.Build.0 = Release|Any CPU
		{15A0DCAE-16F9-6AF0-6D93-F016CDF54911}.Debug|Any CPU.ActiveCfg = Debug|Any CPU
		{15A0DCAE-16F9-6AF0-6D93-F016CDF54911}.Debug|Any CPU.Build.0 = Debug|Any CPU
		{15A0DCAE-16F9-6AF0-6D93-F016CDF54911}.Release|Any CPU.ActiveCfg = Release|Any CPU
		{15A0DCAE-16F9-6AF0-6D93-F016CDF54911}.Release|Any CPU.Build.0 = Release|Any CPU
		{58B0CDDD-FB30-4CF1-F8FD-D4A4A540AB07}.Debug|Any CPU.ActiveCfg = Debug|Any CPU
		{58B0CDDD-FB30-4CF1-F8FD-D4A4A540AB07}.Debug|Any CPU.Build.0 = Debug|Any CPU
		{58B0CDDD-FB30-4CF1-F8FD-D4A4A540AB07}.Release|Any CPU.ActiveCfg = Release|Any CPU
		{58B0CDDD-FB30-4CF1-F8FD-D4A4A540AB07}.Release|Any CPU.Build.0 = Release|Any CPU
		{C33B3243-ED02-78BF-BC45-D4EDAB5C00B8}.Debug|Any CPU.ActiveCfg = Debug|Any CPU
		{C33B3243-ED02-78BF-BC45-D4EDAB5C00B8}.Debug|Any CPU.Build.0 = Debug|Any CPU
		{C33B3243-ED02-78BF-BC45-D4EDAB5C00B8}.Release|Any CPU.ActiveCfg = Release|Any CPU
		{C33B3243-ED02-78BF-BC45-D4EDAB5C00B8}.Release|Any CPU.Build.0 = Release|Any CPU
		{D1B1BAB2-AA63-C19D-0E89-99D240CDB0B3}.Debug|Any CPU.ActiveCfg = Debug|Any CPU
		{D1B1BAB2-AA63-C19D-0E89-99D240CDB0B3}.Debug|Any CPU.Build.0 = Debug|Any CPU
		{D1B1BAB2-AA63-C19D-0E89-99D240CDB0B3}.Release|Any CPU.ActiveCfg = Release|Any CPU
		{D1B1BAB2-AA63-C19D-0E89-99D240CDB0B3}.Release|Any CPU.Build.0 = Release|Any CPU
		{D23F20B9-0082-3C58-9984-5AADDE9225BC}.Debug|Any CPU.ActiveCfg = Debug|Any CPU
		{D23F20B9-0082-3C58-9984-5AADDE9225BC}.Debug|Any CPU.Build.0 = Debug|Any CPU
		{D23F20B9-0082-3C58-9984-5AADDE9225BC}.Release|Any CPU.ActiveCfg = Release|Any CPU
		{D23F20B9-0082-3C58-9984-5AADDE9225BC}.Release|Any CPU.Build.0 = Release|Any CPU
		{234B2FFD-4DC8-FDEB-A8A3-E1E17DAB9A9F}.Debug|Any CPU.ActiveCfg = Debug|Any CPU
		{234B2FFD-4DC8-FDEB-A8A3-E1E17DAB9A9F}.Debug|Any CPU.Build.0 = Debug|Any CPU
		{234B2FFD-4DC8-FDEB-A8A3-E1E17DAB9A9F}.Release|Any CPU.ActiveCfg = Release|Any CPU
		{234B2FFD-4DC8-FDEB-A8A3-E1E17DAB9A9F}.Release|Any CPU.Build.0 = Release|Any CPU
		{824857F7-0015-5FD4-AAC2-C55E907C7F24}.Debug|Any CPU.ActiveCfg = Debug|Any CPU
		{824857F7-0015-5FD4-AAC2-C55E907C7F24}.Debug|Any CPU.Build.0 = Debug|Any CPU
		{824857F7-0015-5FD4-AAC2-C55E907C7F24}.Release|Any CPU.ActiveCfg = Release|Any CPU
		{824857F7-0015-5FD4-AAC2-C55E907C7F24}.Release|Any CPU.Build.0 = Release|Any CPU
		{B8277559-B9A4-6589-7299-AA96663C2687}.Debug|Any CPU.ActiveCfg = Debug|Any CPU
		{B8277559-B9A4-6589-7299-AA96663C2687}.Debug|Any CPU.Build.0 = Debug|Any CPU
		{B8277559-B9A4-6589-7299-AA96663C2687}.Release|Any CPU.ActiveCfg = Release|Any CPU
		{B8277559-B9A4-6589-7299-AA96663C2687}.Release|Any CPU.Build.0 = Release|Any CPU
		{845EE9BF-2D5D-2068-C4B1-30686AF1FEE6}.Debug|Any CPU.ActiveCfg = Debug|Any CPU
		{845EE9BF-2D5D-2068-C4B1-30686AF1FEE6}.Debug|Any CPU.Build.0 = Debug|Any CPU
		{845EE9BF-2D5D-2068-C4B1-30686AF1FEE6}.Release|Any CPU.ActiveCfg = Release|Any CPU
		{845EE9BF-2D5D-2068-C4B1-30686AF1FEE6}.Release|Any CPU.Build.0 = Release|Any CPU
		{167AE100-8F5E-1B3C-ACD3-947A8C1DA08F}.Debug|Any CPU.ActiveCfg = Debug|Any CPU
		{167AE100-8F5E-1B3C-ACD3-947A8C1DA08F}.Debug|Any CPU.Build.0 = Debug|Any CPU
		{167AE100-8F5E-1B3C-ACD3-947A8C1DA08F}.Release|Any CPU.ActiveCfg = Release|Any CPU
		{167AE100-8F5E-1B3C-ACD3-947A8C1DA08F}.Release|Any CPU.Build.0 = Release|Any CPU
		{8A3E2AA4-B177-CBE8-8A6A-22C5ECA08B84}.Debug|Any CPU.ActiveCfg = Debug|Any CPU
		{8A3E2AA4-B177-CBE8-8A6A-22C5ECA08B84}.Debug|Any CPU.Build.0 = Debug|Any CPU
		{8A3E2AA4-B177-CBE8-8A6A-22C5ECA08B84}.Release|Any CPU.ActiveCfg = Release|Any CPU
		{8A3E2AA4-B177-CBE8-8A6A-22C5ECA08B84}.Release|Any CPU.Build.0 = Release|Any CPU
		{2C7D2087-8889-2A4A-CC8E-DBD680AC0978}.Debug|Any CPU.ActiveCfg = Debug|Any CPU
		{2C7D2087-8889-2A4A-CC8E-DBD680AC0978}.Debug|Any CPU.Build.0 = Debug|Any CPU
		{2C7D2087-8889-2A4A-CC8E-DBD680AC0978}.Release|Any CPU.ActiveCfg = Release|Any CPU
		{2C7D2087-8889-2A4A-CC8E-DBD680AC0978}.Release|Any CPU.Build.0 = Release|Any CPU
		{CC7D08B9-280A-8D55-FB9B-B860D34CC830}.Debug|Any CPU.ActiveCfg = Debug|Any CPU
		{CC7D08B9-280A-8D55-FB9B-B860D34CC830}.Debug|Any CPU.Build.0 = Debug|Any CPU
		{CC7D08B9-280A-8D55-FB9B-B860D34CC830}.Release|Any CPU.ActiveCfg = Release|Any CPU
		{CC7D08B9-280A-8D55-FB9B-B860D34CC830}.Release|Any CPU.Build.0 = Release|Any CPU
		{2CFD9764-90F7-FCAA-B9CA-FBAFB88DB7FA}.Debug|Any CPU.ActiveCfg = Debug|Any CPU
		{2CFD9764-90F7-FCAA-B9CA-FBAFB88DB7FA}.Debug|Any CPU.Build.0 = Debug|Any CPU
		{2CFD9764-90F7-FCAA-B9CA-FBAFB88DB7FA}.Release|Any CPU.ActiveCfg = Release|Any CPU
		{2CFD9764-90F7-FCAA-B9CA-FBAFB88DB7FA}.Release|Any CPU.Build.0 = Release|Any CPU
		{58755DFA-A962-22E4-98B2-0602645FF1EA}.Debug|Any CPU.ActiveCfg = Debug|Any CPU
		{58755DFA-A962-22E4-98B2-0602645FF1EA}.Debug|Any CPU.Build.0 = Debug|Any CPU
		{58755DFA-A962-22E4-98B2-0602645FF1EA}.Release|Any CPU.ActiveCfg = Release|Any CPU
		{58755DFA-A962-22E4-98B2-0602645FF1EA}.Release|Any CPU.Build.0 = Release|Any CPU
		{46BE45C5-7651-881B-9DE8-630A2CDED87E}.Debug|Any CPU.ActiveCfg = Debug|Any CPU
		{46BE45C5-7651-881B-9DE8-630A2CDED87E}.Debug|Any CPU.Build.0 = Debug|Any CPU
		{46BE45C5-7651-881B-9DE8-630A2CDED87E}.Release|Any CPU.ActiveCfg = Release|Any CPU
		{46BE45C5-7651-881B-9DE8-630A2CDED87E}.Release|Any CPU.Build.0 = Release|Any CPU
		{A8E6B464-9D85-0266-570D-74332F4DAAA1}.Debug|Any CPU.ActiveCfg = Debug|Any CPU
		{A8E6B464-9D85-0266-570D-74332F4DAAA1}.Debug|Any CPU.Build.0 = Debug|Any CPU
		{A8E6B464-9D85-0266-570D-74332F4DAAA1}.Release|Any CPU.ActiveCfg = Release|Any CPU
		{A8E6B464-9D85-0266-570D-74332F4DAAA1}.Release|Any CPU.Build.0 = Release|Any CPU
		{C5D46620-FD65-E1E7-E1C3-A99C93C9C0ED}.Debug|Any CPU.ActiveCfg = Debug|Any CPU
		{C5D46620-FD65-E1E7-E1C3-A99C93C9C0ED}.Debug|Any CPU.Build.0 = Debug|Any CPU
		{C5D46620-FD65-E1E7-E1C3-A99C93C9C0ED}.Release|Any CPU.ActiveCfg = Release|Any CPU
		{C5D46620-FD65-E1E7-E1C3-A99C93C9C0ED}.Release|Any CPU.Build.0 = Release|Any CPU
		{21988031-2BF5-8D28-9372-DA1B8D85AFC2}.Debug|Any CPU.ActiveCfg = Debug|Any CPU
		{21988031-2BF5-8D28-9372-DA1B8D85AFC2}.Debug|Any CPU.Build.0 = Debug|Any CPU
		{21988031-2BF5-8D28-9372-DA1B8D85AFC2}.Release|Any CPU.ActiveCfg = Release|Any CPU
		{21988031-2BF5-8D28-9372-DA1B8D85AFC2}.Release|Any CPU.Build.0 = Release|Any CPU
		{084B2EF0-811A-07A9-B58E-14A4B1AFD54A}.Debug|Any CPU.ActiveCfg = Debug|Any CPU
		{084B2EF0-811A-07A9-B58E-14A4B1AFD54A}.Debug|Any CPU.Build.0 = Debug|Any CPU
		{084B2EF0-811A-07A9-B58E-14A4B1AFD54A}.Release|Any CPU.ActiveCfg = Release|Any CPU
		{084B2EF0-811A-07A9-B58E-14A4B1AFD54A}.Release|Any CPU.Build.0 = Release|Any CPU
		{A8A84F92-DE79-8144-2B58-6F7ED4DF7518}.Debug|Any CPU.ActiveCfg = Debug|Any CPU
		{A8A84F92-DE79-8144-2B58-6F7ED4DF7518}.Debug|Any CPU.Build.0 = Debug|Any CPU
		{A8A84F92-DE79-8144-2B58-6F7ED4DF7518}.Release|Any CPU.ActiveCfg = Release|Any CPU
		{A8A84F92-DE79-8144-2B58-6F7ED4DF7518}.Release|Any CPU.Build.0 = Release|Any CPU
		{FBC19666-8E04-82DC-8573-FE7F9A1FC1E9}.Debug|Any CPU.ActiveCfg = Debug|Any CPU
		{FBC19666-8E04-82DC-8573-FE7F9A1FC1E9}.Debug|Any CPU.Build.0 = Debug|Any CPU
		{FBC19666-8E04-82DC-8573-FE7F9A1FC1E9}.Release|Any CPU.ActiveCfg = Release|Any CPU
		{FBC19666-8E04-82DC-8573-FE7F9A1FC1E9}.Release|Any CPU.Build.0 = Release|Any CPU
		{FDE890E7-4FF2-1A21-E947-9B51A6BD6F6C}.Debug|Any CPU.ActiveCfg = Debug|Any CPU
		{FDE890E7-4FF2-1A21-E947-9B51A6BD6F6C}.Debug|Any CPU.Build.0 = Debug|Any CPU
		{FDE890E7-4FF2-1A21-E947-9B51A6BD6F6C}.Release|Any CPU.ActiveCfg = Release|Any CPU
		{FDE890E7-4FF2-1A21-E947-9B51A6BD6F6C}.Release|Any CPU.Build.0 = Release|Any CPU
		{3BF3A047-6419-3D59-3ACB-C827EA8E5823}.Debug|Any CPU.ActiveCfg = Debug|Any CPU
		{3BF3A047-6419-3D59-3ACB-C827EA8E5823}.Debug|Any CPU.Build.0 = Debug|Any CPU
		{3BF3A047-6419-3D59-3ACB-C827EA8E5823}.Release|Any CPU.ActiveCfg = Release|Any CPU
		{3BF3A047-6419-3D59-3ACB-C827EA8E5823}.Release|Any CPU.Build.0 = Release|Any CPU
		{1FF11A73-0B93-3FC6-1CD5-5C322620779C}.Debug|Any CPU.ActiveCfg = Debug|Any CPU
		{1FF11A73-0B93-3FC6-1CD5-5C322620779C}.Debug|Any CPU.Build.0 = Debug|Any CPU
		{1FF11A73-0B93-3FC6-1CD5-5C322620779C}.Release|Any CPU.ActiveCfg = Release|Any CPU
		{1FF11A73-0B93-3FC6-1CD5-5C322620779C}.Release|Any CPU.Build.0 = Release|Any CPU
		{249C280D-8795-57E1-DFF7-F5B32870FB6C}.Debug|Any CPU.ActiveCfg = Debug|Any CPU
		{249C280D-8795-57E1-DFF7-F5B32870FB6C}.Debug|Any CPU.Build.0 = Debug|Any CPU
		{249C280D-8795-57E1-DFF7-F5B32870FB6C}.Release|Any CPU.ActiveCfg = Release|Any CPU
		{249C280D-8795-57E1-DFF7-F5B32870FB6C}.Release|Any CPU.Build.0 = Release|Any CPU
		{377BF6F3-1FE6-FCA8-0131-34A44C8478A2}.Debug|Any CPU.ActiveCfg = Debug|Any CPU
		{377BF6F3-1FE6-FCA8-0131-34A44C8478A2}.Debug|Any CPU.Build.0 = Debug|Any CPU
		{377BF6F3-1FE6-FCA8-0131-34A44C8478A2}.Release|Any CPU.ActiveCfg = Release|Any CPU
		{377BF6F3-1FE6-FCA8-0131-34A44C8478A2}.Release|Any CPU.Build.0 = Release|Any CPU
		{A513BC8D-6A7D-D6C5-EEBE-D27CF600D276}.Debug|Any CPU.ActiveCfg = Debug|Any CPU
		{A513BC8D-6A7D-D6C5-EEBE-D27CF600D276}.Debug|Any CPU.Build.0 = Debug|Any CPU
		{A513BC8D-6A7D-D6C5-EEBE-D27CF600D276}.Release|Any CPU.ActiveCfg = Release|Any CPU
		{A513BC8D-6A7D-D6C5-EEBE-D27CF600D276}.Release|Any CPU.Build.0 = Release|Any CPU
		{01017303-DEAE-E42C-8E26-B5577DF6D024}.Debug|Any CPU.ActiveCfg = Debug|Any CPU
		{01017303-DEAE-E42C-8E26-B5577DF6D024}.Debug|Any CPU.Build.0 = Debug|Any CPU
		{01017303-DEAE-E42C-8E26-B5577DF6D024}.Release|Any CPU.ActiveCfg = Release|Any CPU
		{01017303-DEAE-E42C-8E26-B5577DF6D024}.Release|Any CPU.Build.0 = Release|Any CPU
		{8C92C1DB-9396-31C9-15B5-C0C894E96139}.Debug|Any CPU.ActiveCfg = Debug|Any CPU
		{8C92C1DB-9396-31C9-15B5-C0C894E96139}.Debug|Any CPU.Build.0 = Debug|Any CPU
		{8C92C1DB-9396-31C9-15B5-C0C894E96139}.Release|Any CPU.ActiveCfg = Release|Any CPU
		{8C92C1DB-9396-31C9-15B5-C0C894E96139}.Release|Any CPU.Build.0 = Release|Any CPU
		{D1672043-F819-2744-FC38-8B6810E84BAE}.Debug|Any CPU.ActiveCfg = Debug|Any CPU
		{D1672043-F819-2744-FC38-8B6810E84BAE}.Debug|Any CPU.Build.0 = Debug|Any CPU
		{D1672043-F819-2744-FC38-8B6810E84BAE}.Release|Any CPU.ActiveCfg = Release|Any CPU
		{D1672043-F819-2744-FC38-8B6810E84BAE}.Release|Any CPU.Build.0 = Release|Any CPU
		{BBAADACD-2EEE-3244-8EAE-AE3C0B17EFA4}.Debug|Any CPU.ActiveCfg = Debug|Any CPU
		{BBAADACD-2EEE-3244-8EAE-AE3C0B17EFA4}.Debug|Any CPU.Build.0 = Debug|Any CPU
		{BBAADACD-2EEE-3244-8EAE-AE3C0B17EFA4}.Release|Any CPU.ActiveCfg = Release|Any CPU
		{BBAADACD-2EEE-3244-8EAE-AE3C0B17EFA4}.Release|Any CPU.Build.0 = Release|Any CPU
		{5E3868F3-3AA7-7565-34BB-35B6FB7CBFD3}.Debug|Any CPU.ActiveCfg = Debug|Any CPU
		{5E3868F3-3AA7-7565-34BB-35B6FB7CBFD3}.Debug|Any CPU.Build.0 = Debug|Any CPU
		{5E3868F3-3AA7-7565-34BB-35B6FB7CBFD3}.Release|Any CPU.ActiveCfg = Release|Any CPU
		{5E3868F3-3AA7-7565-34BB-35B6FB7CBFD3}.Release|Any CPU.Build.0 = Release|Any CPU
		{65504965-51F0-61B5-2CF8-01D2BAEA2790}.Debug|Any CPU.ActiveCfg = Debug|Any CPU
		{65504965-51F0-61B5-2CF8-01D2BAEA2790}.Debug|Any CPU.Build.0 = Debug|Any CPU
		{65504965-51F0-61B5-2CF8-01D2BAEA2790}.Release|Any CPU.ActiveCfg = Release|Any CPU
		{65504965-51F0-61B5-2CF8-01D2BAEA2790}.Release|Any CPU.Build.0 = Release|Any CPU
		{C139C8C9-0CFC-8BC2-C72D-63C37F38A38E}.Debug|Any CPU.ActiveCfg = Debug|Any CPU
		{C139C8C9-0CFC-8BC2-C72D-63C37F38A38E}.Debug|Any CPU.Build.0 = Debug|Any CPU
		{C139C8C9-0CFC-8BC2-C72D-63C37F38A38E}.Release|Any CPU.ActiveCfg = Release|Any CPU
		{C139C8C9-0CFC-8BC2-C72D-63C37F38A38E}.Release|Any CPU.Build.0 = Release|Any CPU
		{A41DE73E-E91D-DDBA-7FED-47EE93227771}.Debug|Any CPU.ActiveCfg = Debug|Any CPU
		{A41DE73E-E91D-DDBA-7FED-47EE93227771}.Debug|Any CPU.Build.0 = Debug|Any CPU
		{A41DE73E-E91D-DDBA-7FED-47EE93227771}.Release|Any CPU.ActiveCfg = Release|Any CPU
		{A41DE73E-E91D-DDBA-7FED-47EE93227771}.Release|Any CPU.Build.0 = Release|Any CPU
	EndGlobalSection
	GlobalSection(SolutionProperties) = preSolution
		HideSolutionNode = FALSE
	EndGlobalSection
EndGlobal
